// !$*UTF8*$!
{
	archiveVersion = 1;
	classes = {
	};
	objectVersion = 46;
	objects = {

/* Begin PBXBuildFile section */
		200A79841A0666C900F9A5FC /* FoodTruckAnnotation.m in Sources */ = {isa = PBXBuildFile; fileRef = 200A79831A0666C900F9A5FC /* FoodTruckAnnotation.m */; };
		200A79871A066CA800F9A5FC /* truckPin.png in Resources */ = {isa = PBXBuildFile; fileRef = 200A79861A066CA800F9A5FC /* truckPin.png */; };
		200A798E1A066FFA00F9A5FC /* FoodTruckMenuController.m in Sources */ = {isa = PBXBuildFile; fileRef = 200A798D1A066FFA00F9A5FC /* FoodTruckMenuController.m */; };
		200A79901A06997000F9A5FC /* FoodTruckData.plist in Resources */ = {isa = PBXBuildFile; fileRef = 200A798F1A06997000F9A5FC /* FoodTruckData.plist */; };
		200A79921A069FB000F9A5FC /* MapViewController.xib in Resources */ = {isa = PBXBuildFile; fileRef = 200A79911A069FB000F9A5FC /* MapViewController.xib */; };
		200A79961A07FFAA00F9A5FC /* CustomCalloutView.xib in Resources */ = {isa = PBXBuildFile; fileRef = 200A79951A07FFAA00F9A5FC /* CustomCalloutView.xib */; };
		200A79991A08013100F9A5FC /* CustomCalloutView.m in Sources */ = {isa = PBXBuildFile; fileRef = 200A79981A08013100F9A5FC /* CustomCalloutView.m */; };
		200A799C1A0904A100F9A5FC /* CustomAnnotationView.m in Sources */ = {isa = PBXBuildFile; fileRef = 200A799B1A0904A100F9A5FC /* CustomAnnotationView.m */; };
		200A799F1A09323E00F9A5FC /* starEmpty.png in Resources */ = {isa = PBXBuildFile; fileRef = 200A799D1A09323E00F9A5FC /* starEmpty.png */; };
		200A79A01A09323E00F9A5FC /* starFull.png in Resources */ = {isa = PBXBuildFile; fileRef = 200A799E1A09323E00F9A5FC /* starFull.png */; };
		200A79A31A0932EE00F9A5FC /* RatingBarView.m in Sources */ = {isa = PBXBuildFile; fileRef = 200A79A21A0932EE00F9A5FC /* RatingBarView.m */; };
		200A79A51A09343D00F9A5FC /* RatingBarView.xib in Resources */ = {isa = PBXBuildFile; fileRef = 200A79A41A09343D00F9A5FC /* RatingBarView.xib */; };
		20478FD71ACA3D2C00BC2D80 /* InputsFormViewController.m in Sources */ = {isa = PBXBuildFile; fileRef = 20478FD61ACA3D2C00BC2D80 /* InputsFormViewController.m */; };
		2049ED081A02790900C904E3 /* main.m in Sources */ = {isa = PBXBuildFile; fileRef = 2049ED071A02790900C904E3 /* main.m */; };
		2049ED0B1A02790900C904E3 /* AppDelegate.m in Sources */ = {isa = PBXBuildFile; fileRef = 2049ED0A1A02790900C904E3 /* AppDelegate.m */; };
		2049ED0E1A02790900C904E3 /* MapViewController.m in Sources */ = {isa = PBXBuildFile; fileRef = 2049ED0D1A02790900C904E3 /* MapViewController.m */; };
		2049ED161A02790900C904E3 /* Images.xcassets in Resources */ = {isa = PBXBuildFile; fileRef = 2049ED151A02790900C904E3 /* Images.xcassets */; };
		2049ED191A02790900C904E3 /* LaunchScreen.xib in Resources */ = {isa = PBXBuildFile; fileRef = 2049ED171A02790900C904E3 /* LaunchScreen.xib */; };
		2049ED251A02790900C904E3 /* FoodTruckTests.m in Sources */ = {isa = PBXBuildFile; fileRef = 2049ED241A02790900C904E3 /* FoodTruckTests.m */; };
		2049ED2F1A027B2C00C904E3 /* MapKit.framework in Frameworks */ = {isa = PBXBuildFile; fileRef = 2049ED2E1A027B2C00C904E3 /* MapKit.framework */; };
		20C202341ACB622E00CDF210 /* FoodTruckCreationViewController.m in Sources */ = {isa = PBXBuildFile; fileRef = 20C202331ACB622E00CDF210 /* FoodTruckCreationViewController.m */; };
		20DE2F1C1ACC8F36004C1A6B /* NSMutableDictionary+KAKeyRenaming.m in Sources */ = {isa = PBXBuildFile; fileRef = 20DE2F1B1ACC8F36004C1A6B /* NSMutableDictionary+KAKeyRenaming.m */; };
		20DE2F1F1ACC9F1B004C1A6B /* AppCache.m in Sources */ = {isa = PBXBuildFile; fileRef = 20DE2F1E1ACC9F1B004C1A6B /* AppCache.m */; };
		20DE2F221ACCA0A2004C1A6B /* TRUser.m in Sources */ = {isa = PBXBuildFile; fileRef = 20DE2F211ACCA0A2004C1A6B /* TRUser.m */; };
		20DE2F261ACD783C004C1A6B /* MerchantViewController.m in Sources */ = {isa = PBXBuildFile; fileRef = 20DE2F241ACD783C004C1A6B /* MerchantViewController.m */; };
		20DE2F271ACD783C004C1A6B /* MerchantViewController.xib in Resources */ = {isa = PBXBuildFile; fileRef = 20DE2F251ACD783C004C1A6B /* MerchantViewController.xib */; };
		20F0EF0C1A166B910069E493 /* OrderHistoryTableViewController.m in Sources */ = {isa = PBXBuildFile; fileRef = 20F0EF0B1A166B910069E493 /* OrderHistoryTableViewController.m */; };
		20F0EF101A166D100069E493 /* OrderItemTableViewCell.xib in Resources */ = {isa = PBXBuildFile; fileRef = 20F0EF0F1A166D100069E493 /* OrderItemTableViewCell.xib */; };
		20F0EF131A166D620069E493 /* OrderItemTableViewCell.m in Sources */ = {isa = PBXBuildFile; fileRef = 20F0EF121A166D620069E493 /* OrderItemTableViewCell.m */; };
		20F0EF161A1670350069E493 /* OrderPersistanceManager.m in Sources */ = {isa = PBXBuildFile; fileRef = 20F0EF151A1670350069E493 /* OrderPersistanceManager.m */; };
		605A14FCDC3C7686D79DCD48 /* libPods.a in Frameworks */ = {isa = PBXBuildFile; fileRef = EA872E5D43E9715BAEB92ED3 /* libPods.a */; };
		7B49CC2E1A0AD93D00DBD9C3 /* ItemTableViewCell.m in Sources */ = {isa = PBXBuildFile; fileRef = 7B49CC2D1A0AD93D00DBD9C3 /* ItemTableViewCell.m */; };
		7B49CC301A0AE13900DBD9C3 /* ItemTableViewCell.xib in Resources */ = {isa = PBXBuildFile; fileRef = 7B49CC2F1A0AE13900DBD9C3 /* ItemTableViewCell.xib */; };
		9A61E2AC1A119D8E00264BB0 /* CheckoutViewController.m in Sources */ = {isa = PBXBuildFile; fileRef = 9A61E2AB1A119D8E00264BB0 /* CheckoutViewController.m */; };
		9A61E2AF1A119F4F00264BB0 /* CheckoutItemCellView.m in Sources */ = {isa = PBXBuildFile; fileRef = 9A61E2AE1A119F4F00264BB0 /* CheckoutItemCellView.m */; };
		9A61E2B21A11A0E200264BB0 /* CrediCardPaymentView.m in Sources */ = {isa = PBXBuildFile; fileRef = 9A61E2B11A11A0E200264BB0 /* CrediCardPaymentView.m */; };
		9AC1A1FB1A0C3B970098775C /* CheckoutStoryboard.storyboard in Resources */ = {isa = PBXBuildFile; fileRef = 9AC1A1F51A0C3B970098775C /* CheckoutStoryboard.storyboard */; };
		9AC1A1FC1A0C3B970098775C /* PaymentOptionsView.xib in Resources */ = {isa = PBXBuildFile; fileRef = 9AC1A1F61A0C3B970098775C /* PaymentOptionsView.xib */; };
		9AC1A1FD1A0C3B970098775C /* CheckoutItemCellView.xib in Resources */ = {isa = PBXBuildFile; fileRef = 9AC1A1F71A0C3B970098775C /* CheckoutItemCellView.xib */; };
		9AC1A1FE1A0C3B970098775C /* CreditCardPayment.xib in Resources */ = {isa = PBXBuildFile; fileRef = 9AC1A1F81A0C3B970098775C /* CreditCardPayment.xib */; };
		9AC1A1FF1A0C3B970098775C /* CheckoutViewController.xib in Resources */ = {isa = PBXBuildFile; fileRef = 9AC1A1F91A0C3B970098775C /* CheckoutViewController.xib */; };
		9AC1A2001A0C3B970098775C /* CCDatePickerView.xib in Resources */ = {isa = PBXBuildFile; fileRef = 9AC1A1FA1A0C3B970098775C /* CCDatePickerView.xib */; };
/* End PBXBuildFile section */

/* Begin PBXContainerItemProxy section */
		2049ED1F1A02790900C904E3 /* PBXContainerItemProxy */ = {
			isa = PBXContainerItemProxy;
			containerPortal = 2049ECFA1A02790900C904E3 /* Project object */;
			proxyType = 1;
			remoteGlobalIDString = 2049ED011A02790900C904E3;
			remoteInfo = FoodTruck;
		};
/* End PBXContainerItemProxy section */

/* Begin PBXFileReference section */
		200A79821A0666C900F9A5FC /* FoodTruckAnnotation.h */ = {isa = PBXFileReference; fileEncoding = 4; lastKnownFileType = sourcecode.c.h; path = FoodTruckAnnotation.h; sourceTree = "<group>"; };
		200A79831A0666C900F9A5FC /* FoodTruckAnnotation.m */ = {isa = PBXFileReference; fileEncoding = 4; lastKnownFileType = sourcecode.c.objc; path = FoodTruckAnnotation.m; sourceTree = "<group>"; };
		200A79861A066CA800F9A5FC /* truckPin.png */ = {isa = PBXFileReference; lastKnownFileType = image.png; path = truckPin.png; sourceTree = "<group>"; };
		200A798C1A066FFA00F9A5FC /* FoodTruckMenuController.h */ = {isa = PBXFileReference; fileEncoding = 4; lastKnownFileType = sourcecode.c.h; path = FoodTruckMenuController.h; sourceTree = "<group>"; };
		200A798D1A066FFA00F9A5FC /* FoodTruckMenuController.m */ = {isa = PBXFileReference; fileEncoding = 4; lastKnownFileType = sourcecode.c.objc; path = FoodTruckMenuController.m; sourceTree = "<group>"; };
		200A798F1A06997000F9A5FC /* FoodTruckData.plist */ = {isa = PBXFileReference; fileEncoding = 4; lastKnownFileType = text.plist.xml; path = FoodTruckData.plist; sourceTree = "<group>"; };
		200A79911A069FB000F9A5FC /* MapViewController.xib */ = {isa = PBXFileReference; fileEncoding = 4; lastKnownFileType = file.xib; path = MapViewController.xib; sourceTree = "<group>"; };
		200A79951A07FFAA00F9A5FC /* CustomCalloutView.xib */ = {isa = PBXFileReference; fileEncoding = 4; lastKnownFileType = file.xib; path = CustomCalloutView.xib; sourceTree = "<group>"; };
		200A79971A08013100F9A5FC /* CustomCalloutView.h */ = {isa = PBXFileReference; fileEncoding = 4; lastKnownFileType = sourcecode.c.h; path = CustomCalloutView.h; sourceTree = "<group>"; };
		200A79981A08013100F9A5FC /* CustomCalloutView.m */ = {isa = PBXFileReference; fileEncoding = 4; lastKnownFileType = sourcecode.c.objc; path = CustomCalloutView.m; sourceTree = "<group>"; };
		200A799A1A0904A100F9A5FC /* CustomAnnotationView.h */ = {isa = PBXFileReference; fileEncoding = 4; lastKnownFileType = sourcecode.c.h; path = CustomAnnotationView.h; sourceTree = "<group>"; };
		200A799B1A0904A100F9A5FC /* CustomAnnotationView.m */ = {isa = PBXFileReference; fileEncoding = 4; lastKnownFileType = sourcecode.c.objc; path = CustomAnnotationView.m; sourceTree = "<group>"; };
		200A799D1A09323E00F9A5FC /* starEmpty.png */ = {isa = PBXFileReference; lastKnownFileType = image.png; path = starEmpty.png; sourceTree = "<group>"; };
		200A799E1A09323E00F9A5FC /* starFull.png */ = {isa = PBXFileReference; lastKnownFileType = image.png; path = starFull.png; sourceTree = "<group>"; };
		200A79A11A0932EE00F9A5FC /* RatingBarView.h */ = {isa = PBXFileReference; fileEncoding = 4; lastKnownFileType = sourcecode.c.h; path = RatingBarView.h; sourceTree = "<group>"; };
		200A79A21A0932EE00F9A5FC /* RatingBarView.m */ = {isa = PBXFileReference; fileEncoding = 4; lastKnownFileType = sourcecode.c.objc; path = RatingBarView.m; sourceTree = "<group>"; };
		200A79A41A09343D00F9A5FC /* RatingBarView.xib */ = {isa = PBXFileReference; fileEncoding = 4; lastKnownFileType = file.xib; path = RatingBarView.xib; sourceTree = "<group>"; };
		20478FD51ACA3D2C00BC2D80 /* InputsFormViewController.h */ = {isa = PBXFileReference; fileEncoding = 4; lastKnownFileType = sourcecode.c.h; path = InputsFormViewController.h; sourceTree = "<group>"; };
		20478FD61ACA3D2C00BC2D80 /* InputsFormViewController.m */ = {isa = PBXFileReference; fileEncoding = 4; lastKnownFileType = sourcecode.c.objc; path = InputsFormViewController.m; sourceTree = "<group>"; };
		2049ED021A02790900C904E3 /* FoodTruck.app */ = {isa = PBXFileReference; explicitFileType = wrapper.application; includeInIndex = 0; path = FoodTruck.app; sourceTree = BUILT_PRODUCTS_DIR; };
		2049ED061A02790900C904E3 /* Info.plist */ = {isa = PBXFileReference; lastKnownFileType = text.plist.xml; path = Info.plist; sourceTree = "<group>"; };
		2049ED071A02790900C904E3 /* main.m */ = {isa = PBXFileReference; lastKnownFileType = sourcecode.c.objc; path = main.m; sourceTree = "<group>"; };
		2049ED091A02790900C904E3 /* AppDelegate.h */ = {isa = PBXFileReference; lastKnownFileType = sourcecode.c.h; path = AppDelegate.h; sourceTree = "<group>"; };
		2049ED0A1A02790900C904E3 /* AppDelegate.m */ = {isa = PBXFileReference; lastKnownFileType = sourcecode.c.objc; path = AppDelegate.m; sourceTree = "<group>"; };
		2049ED0C1A02790900C904E3 /* MapViewController.h */ = {isa = PBXFileReference; lastKnownFileType = sourcecode.c.h; path = MapViewController.h; sourceTree = "<group>"; };
		2049ED0D1A02790900C904E3 /* MapViewController.m */ = {isa = PBXFileReference; lastKnownFileType = sourcecode.c.objc; path = MapViewController.m; sourceTree = "<group>"; };
		2049ED151A02790900C904E3 /* Images.xcassets */ = {isa = PBXFileReference; lastKnownFileType = folder.assetcatalog; path = Images.xcassets; sourceTree = "<group>"; };
		2049ED181A02790900C904E3 /* Base */ = {isa = PBXFileReference; lastKnownFileType = file.xib; name = Base; path = Base.lproj/LaunchScreen.xib; sourceTree = "<group>"; };
		2049ED1E1A02790900C904E3 /* FoodTruckTests.xctest */ = {isa = PBXFileReference; explicitFileType = wrapper.cfbundle; includeInIndex = 0; path = FoodTruckTests.xctest; sourceTree = BUILT_PRODUCTS_DIR; };
		2049ED231A02790900C904E3 /* Info.plist */ = {isa = PBXFileReference; lastKnownFileType = text.plist.xml; path = Info.plist; sourceTree = "<group>"; };
		2049ED241A02790900C904E3 /* FoodTruckTests.m */ = {isa = PBXFileReference; lastKnownFileType = sourcecode.c.objc; path = FoodTruckTests.m; sourceTree = "<group>"; };
		2049ED2E1A027B2C00C904E3 /* MapKit.framework */ = {isa = PBXFileReference; lastKnownFileType = wrapper.framework; name = MapKit.framework; path = System/Library/Frameworks/MapKit.framework; sourceTree = SDKROOT; };
		20C202321ACB622E00CDF210 /* FoodTruckCreationViewController.h */ = {isa = PBXFileReference; fileEncoding = 4; lastKnownFileType = sourcecode.c.h; path = FoodTruckCreationViewController.h; sourceTree = "<group>"; };
		20C202331ACB622E00CDF210 /* FoodTruckCreationViewController.m */ = {isa = PBXFileReference; fileEncoding = 4; lastKnownFileType = sourcecode.c.objc; path = FoodTruckCreationViewController.m; sourceTree = "<group>"; };
		20DE2F1A1ACC8F36004C1A6B /* NSMutableDictionary+KAKeyRenaming.h */ = {isa = PBXFileReference; fileEncoding = 4; lastKnownFileType = sourcecode.c.h; path = "NSMutableDictionary+KAKeyRenaming.h"; sourceTree = "<group>"; };
		20DE2F1B1ACC8F36004C1A6B /* NSMutableDictionary+KAKeyRenaming.m */ = {isa = PBXFileReference; fileEncoding = 4; lastKnownFileType = sourcecode.c.objc; path = "NSMutableDictionary+KAKeyRenaming.m"; sourceTree = "<group>"; };
		20DE2F1D1ACC9F1B004C1A6B /* AppCache.h */ = {isa = PBXFileReference; fileEncoding = 4; lastKnownFileType = sourcecode.c.h; path = AppCache.h; sourceTree = "<group>"; };
		20DE2F1E1ACC9F1B004C1A6B /* AppCache.m */ = {isa = PBXFileReference; fileEncoding = 4; lastKnownFileType = sourcecode.c.objc; path = AppCache.m; sourceTree = "<group>"; };
		20DE2F201ACCA0A2004C1A6B /* TRUser.h */ = {isa = PBXFileReference; fileEncoding = 4; lastKnownFileType = sourcecode.c.h; path = TRUser.h; sourceTree = "<group>"; };
		20DE2F211ACCA0A2004C1A6B /* TRUser.m */ = {isa = PBXFileReference; fileEncoding = 4; lastKnownFileType = sourcecode.c.objc; path = TRUser.m; sourceTree = "<group>"; };
		20DE2F231ACD783C004C1A6B /* MerchantViewController.h */ = {isa = PBXFileReference; fileEncoding = 4; lastKnownFileType = sourcecode.c.h; path = MerchantViewController.h; sourceTree = "<group>"; };
		20DE2F241ACD783C004C1A6B /* MerchantViewController.m */ = {isa = PBXFileReference; fileEncoding = 4; lastKnownFileType = sourcecode.c.objc; path = MerchantViewController.m; sourceTree = "<group>"; };
		20DE2F251ACD783C004C1A6B /* MerchantViewController.xib */ = {isa = PBXFileReference; fileEncoding = 4; lastKnownFileType = file.xib; path = MerchantViewController.xib; sourceTree = "<group>"; };
		20F0EF0A1A166B910069E493 /* OrderHistoryTableViewController.h */ = {isa = PBXFileReference; fileEncoding = 4; lastKnownFileType = sourcecode.c.h; path = OrderHistoryTableViewController.h; sourceTree = "<group>"; };
		20F0EF0B1A166B910069E493 /* OrderHistoryTableViewController.m */ = {isa = PBXFileReference; fileEncoding = 4; lastKnownFileType = sourcecode.c.objc; path = OrderHistoryTableViewController.m; sourceTree = "<group>"; };
		20F0EF0F1A166D100069E493 /* OrderItemTableViewCell.xib */ = {isa = PBXFileReference; fileEncoding = 4; lastKnownFileType = file.xib; path = OrderItemTableViewCell.xib; sourceTree = "<group>"; };
		20F0EF111A166D620069E493 /* OrderItemTableViewCell.h */ = {isa = PBXFileReference; fileEncoding = 4; lastKnownFileType = sourcecode.c.h; path = OrderItemTableViewCell.h; sourceTree = "<group>"; };
		20F0EF121A166D620069E493 /* OrderItemTableViewCell.m */ = {isa = PBXFileReference; fileEncoding = 4; lastKnownFileType = sourcecode.c.objc; path = OrderItemTableViewCell.m; sourceTree = "<group>"; };
		20F0EF141A1670350069E493 /* OrderPersistanceManager.h */ = {isa = PBXFileReference; fileEncoding = 4; lastKnownFileType = sourcecode.c.h; path = OrderPersistanceManager.h; sourceTree = "<group>"; };
		20F0EF151A1670350069E493 /* OrderPersistanceManager.m */ = {isa = PBXFileReference; fileEncoding = 4; lastKnownFileType = sourcecode.c.objc; path = OrderPersistanceManager.m; sourceTree = "<group>"; };
		57EBD40A7791AB600AB539BE /* Pods.debug.xcconfig */ = {isa = PBXFileReference; includeInIndex = 1; lastKnownFileType = text.xcconfig; name = Pods.debug.xcconfig; path = "Pods/Target Support Files/Pods/Pods.debug.xcconfig"; sourceTree = "<group>"; };
		7B49CC2C1A0AD93D00DBD9C3 /* ItemTableViewCell.h */ = {isa = PBXFileReference; fileEncoding = 4; lastKnownFileType = sourcecode.c.h; path = ItemTableViewCell.h; sourceTree = "<group>"; };
		7B49CC2D1A0AD93D00DBD9C3 /* ItemTableViewCell.m */ = {isa = PBXFileReference; fileEncoding = 4; lastKnownFileType = sourcecode.c.objc; path = ItemTableViewCell.m; sourceTree = "<group>"; };
		7B49CC2F1A0AE13900DBD9C3 /* ItemTableViewCell.xib */ = {isa = PBXFileReference; fileEncoding = 4; lastKnownFileType = file.xib; path = ItemTableViewCell.xib; sourceTree = "<group>"; };
		9A61E2AA1A119D8E00264BB0 /* CheckoutViewController.h */ = {isa = PBXFileReference; fileEncoding = 4; lastKnownFileType = sourcecode.c.h; name = CheckoutViewController.h; path = FoodTruck/CheckoutViewController.h; sourceTree = "<group>"; };
		9A61E2AB1A119D8E00264BB0 /* CheckoutViewController.m */ = {isa = PBXFileReference; fileEncoding = 4; lastKnownFileType = sourcecode.c.objc; name = CheckoutViewController.m; path = FoodTruck/CheckoutViewController.m; sourceTree = "<group>"; };
		9A61E2AD1A119F4F00264BB0 /* CheckoutItemCellView.h */ = {isa = PBXFileReference; fileEncoding = 4; lastKnownFileType = sourcecode.c.h; path = CheckoutItemCellView.h; sourceTree = "<group>"; };
		9A61E2AE1A119F4F00264BB0 /* CheckoutItemCellView.m */ = {isa = PBXFileReference; fileEncoding = 4; lastKnownFileType = sourcecode.c.objc; path = CheckoutItemCellView.m; sourceTree = "<group>"; };
		9A61E2B01A11A0E200264BB0 /* CrediCardPaymentView.h */ = {isa = PBXFileReference; fileEncoding = 4; lastKnownFileType = sourcecode.c.h; name = CrediCardPaymentView.h; path = FoodTruck/CrediCardPaymentView.h; sourceTree = "<group>"; };
		9A61E2B11A11A0E200264BB0 /* CrediCardPaymentView.m */ = {isa = PBXFileReference; fileEncoding = 4; lastKnownFileType = sourcecode.c.objc; name = CrediCardPaymentView.m; path = FoodTruck/CrediCardPaymentView.m; sourceTree = "<group>"; };
		9AC1A1F51A0C3B970098775C /* CheckoutStoryboard.storyboard */ = {isa = PBXFileReference; fileEncoding = 4; lastKnownFileType = file.storyboard; name = CheckoutStoryboard.storyboard; path = FoodTruck/CheckoutStoryboard.storyboard; sourceTree = "<group>"; };
		9AC1A1F61A0C3B970098775C /* PaymentOptionsView.xib */ = {isa = PBXFileReference; fileEncoding = 4; lastKnownFileType = file.xib; name = PaymentOptionsView.xib; path = FoodTruck/PaymentOptionsView.xib; sourceTree = "<group>"; };
		9AC1A1F71A0C3B970098775C /* CheckoutItemCellView.xib */ = {isa = PBXFileReference; fileEncoding = 4; lastKnownFileType = file.xib; name = CheckoutItemCellView.xib; path = FoodTruck/CheckoutItemCellView.xib; sourceTree = "<group>"; };
		9AC1A1F81A0C3B970098775C /* CreditCardPayment.xib */ = {isa = PBXFileReference; fileEncoding = 4; lastKnownFileType = file.xib; name = CreditCardPayment.xib; path = FoodTruck/CreditCardPayment.xib; sourceTree = "<group>"; };
		9AC1A1F91A0C3B970098775C /* CheckoutViewController.xib */ = {isa = PBXFileReference; fileEncoding = 4; lastKnownFileType = file.xib; name = CheckoutViewController.xib; path = FoodTruck/CheckoutViewController.xib; sourceTree = "<group>"; };
		9AC1A1FA1A0C3B970098775C /* CCDatePickerView.xib */ = {isa = PBXFileReference; fileEncoding = 4; lastKnownFileType = file.xib; name = CCDatePickerView.xib; path = FoodTruck/CCDatePickerView.xib; sourceTree = "<group>"; };
		EA872E5D43E9715BAEB92ED3 /* libPods.a */ = {isa = PBXFileReference; explicitFileType = archive.ar; includeInIndex = 0; path = libPods.a; sourceTree = BUILT_PRODUCTS_DIR; };
		FB499B01FFB57A46007A700A /* Pods.release.xcconfig */ = {isa = PBXFileReference; includeInIndex = 1; lastKnownFileType = text.xcconfig; name = Pods.release.xcconfig; path = "Pods/Target Support Files/Pods/Pods.release.xcconfig"; sourceTree = "<group>"; };
/* End PBXFileReference section */

/* Begin PBXFrameworksBuildPhase section */
		2049ECFF1A02790900C904E3 /* Frameworks */ = {
			isa = PBXFrameworksBuildPhase;
			buildActionMask = 2147483647;
			files = (
				2049ED2F1A027B2C00C904E3 /* MapKit.framework in Frameworks */,
				605A14FCDC3C7686D79DCD48 /* libPods.a in Frameworks */,
			);
			runOnlyForDeploymentPostprocessing = 0;
		};
		2049ED1B1A02790900C904E3 /* Frameworks */ = {
			isa = PBXFrameworksBuildPhase;
			buildActionMask = 2147483647;
			files = (
			);
			runOnlyForDeploymentPostprocessing = 0;
		};
/* End PBXFrameworksBuildPhase section */

/* Begin PBXGroup section */
		200A79851A066C9600F9A5FC /* Assets */ = {
			isa = PBXGroup;
			children = (
				200A799D1A09323E00F9A5FC /* starEmpty.png */,
				200A799E1A09323E00F9A5FC /* starFull.png */,
				200A79861A066CA800F9A5FC /* truckPin.png */,
			);
			path = Assets;
			sourceTree = "<group>";
		};
		200A79A61A0960E500F9A5FC /* HomeMapScreen */ = {
			isa = PBXGroup;
			children = (
				200A79911A069FB000F9A5FC /* MapViewController.xib */,
				2049ED0C1A02790900C904E3 /* MapViewController.h */,
				2049ED0D1A02790900C904E3 /* MapViewController.m */,
				200A79821A0666C900F9A5FC /* FoodTruckAnnotation.h */,
				200A79831A0666C900F9A5FC /* FoodTruckAnnotation.m */,
				200A79A11A0932EE00F9A5FC /* RatingBarView.h */,
				200A79A21A0932EE00F9A5FC /* RatingBarView.m */,
				200A79971A08013100F9A5FC /* CustomCalloutView.h */,
				200A79981A08013100F9A5FC /* CustomCalloutView.m */,
				200A79A41A09343D00F9A5FC /* RatingBarView.xib */,
				200A799A1A0904A100F9A5FC /* CustomAnnotationView.h */,
				200A799B1A0904A100F9A5FC /* CustomAnnotationView.m */,
				200A79951A07FFAA00F9A5FC /* CustomCalloutView.xib */,
			);
			path = HomeMapScreen;
			sourceTree = "<group>";
		};
		203179B71A16623E00CB2C60 /* OrderHistoryScreen */ = {
			isa = PBXGroup;
			children = (
				20F0EF0A1A166B910069E493 /* OrderHistoryTableViewController.h */,
				20F0EF0B1A166B910069E493 /* OrderHistoryTableViewController.m */,
				20F0EF111A166D620069E493 /* OrderItemTableViewCell.h */,
				20F0EF121A166D620069E493 /* OrderItemTableViewCell.m */,
				20F0EF0F1A166D100069E493 /* OrderItemTableViewCell.xib */,
			);
			path = OrderHistoryScreen;
			sourceTree = "<group>";
		};
		20478FD01ACA349900BC2D80 /* Login */ = {
			isa = PBXGroup;
			children = (
			);
			name = Login;
			sourceTree = "<group>";
		};
		20478FD41ACA3CF200BC2D80 /* SignUpLogin */ = {
			isa = PBXGroup;
			children = (
				20478FD51ACA3D2C00BC2D80 /* InputsFormViewController.h */,
				20478FD61ACA3D2C00BC2D80 /* InputsFormViewController.m */,
				20DE2F1D1ACC9F1B004C1A6B /* AppCache.h */,
				20DE2F1E1ACC9F1B004C1A6B /* AppCache.m */,
				20DE2F201ACCA0A2004C1A6B /* TRUser.h */,
				20DE2F211ACCA0A2004C1A6B /* TRUser.m */,
			);
			name = SignUpLogin;
			sourceTree = "<group>";
		};
		2049ECF91A02790900C904E3 = {
			isa = PBXGroup;
			children = (
				2049ED2E1A027B2C00C904E3 /* MapKit.framework */,
				2049ED041A02790900C904E3 /* FoodTruck */,
				2049ED211A02790900C904E3 /* FoodTruckTests */,
				2049ED031A02790900C904E3 /* Products */,
				EF4572635ACE2D6A0BB475CD /* Pods */,
				378EE97CF61614A2F75F1277 /* Frameworks */,
			);
			sourceTree = "<group>";
		};
		2049ED031A02790900C904E3 /* Products */ = {
			isa = PBXGroup;
			children = (
				2049ED021A02790900C904E3 /* FoodTruck.app */,
				2049ED1E1A02790900C904E3 /* FoodTruckTests.xctest */,
			);
			name = Products;
			sourceTree = "<group>";
		};
		2049ED041A02790900C904E3 /* FoodTruck */ = {
			isa = PBXGroup;
			children = (
				20478FD41ACA3CF200BC2D80 /* SignUpLogin */,
				20478FD01ACA349900BC2D80 /* Login */,
				203179B71A16623E00CB2C60 /* OrderHistoryScreen */,
				9AC1A2011A0C3BA40098775C /* CheckoutScreen */,
				200A79A61A0960E500F9A5FC /* HomeMapScreen */,
				2049ED091A02790900C904E3 /* AppDelegate.h */,
				2049ED0A1A02790900C904E3 /* AppDelegate.m */,
				2049ED151A02790900C904E3 /* Images.xcassets */,
				2049ED171A02790900C904E3 /* LaunchScreen.xib */,
				200A79851A066C9600F9A5FC /* Assets */,
				2049ED051A02790900C904E3 /* Supporting Files */,
				200A798C1A066FFA00F9A5FC /* FoodTruckMenuController.h */,
				200A798D1A066FFA00F9A5FC /* FoodTruckMenuController.m */,
				7B49CC2C1A0AD93D00DBD9C3 /* ItemTableViewCell.h */,
				7B49CC2D1A0AD93D00DBD9C3 /* ItemTableViewCell.m */,
				7B49CC2F1A0AE13900DBD9C3 /* ItemTableViewCell.xib */,
				200A798F1A06997000F9A5FC /* FoodTruckData.plist */,
				20F0EF141A1670350069E493 /* OrderPersistanceManager.h */,
				20F0EF151A1670350069E493 /* OrderPersistanceManager.m */,
				20C202321ACB622E00CDF210 /* FoodTruckCreationViewController.h */,
				20C202331ACB622E00CDF210 /* FoodTruckCreationViewController.m */,
				20DE2F1A1ACC8F36004C1A6B /* NSMutableDictionary+KAKeyRenaming.h */,
				20DE2F1B1ACC8F36004C1A6B /* NSMutableDictionary+KAKeyRenaming.m */,
				20DE2F231ACD783C004C1A6B /* MerchantViewController.h */,
				20DE2F241ACD783C004C1A6B /* MerchantViewController.m */,
				20DE2F251ACD783C004C1A6B /* MerchantViewController.xib */,
			);
			path = FoodTruck;
			sourceTree = "<group>";
		};
		2049ED051A02790900C904E3 /* Supporting Files */ = {
			isa = PBXGroup;
			children = (
				2049ED061A02790900C904E3 /* Info.plist */,
				2049ED071A02790900C904E3 /* main.m */,
			);
			name = "Supporting Files";
			sourceTree = "<group>";
		};
		2049ED211A02790900C904E3 /* FoodTruckTests */ = {
			isa = PBXGroup;
			children = (
				2049ED241A02790900C904E3 /* FoodTruckTests.m */,
				2049ED221A02790900C904E3 /* Supporting Files */,
			);
			path = FoodTruckTests;
			sourceTree = "<group>";
		};
		2049ED221A02790900C904E3 /* Supporting Files */ = {
			isa = PBXGroup;
			children = (
				2049ED231A02790900C904E3 /* Info.plist */,
			);
			name = "Supporting Files";
			sourceTree = "<group>";
		};
		378EE97CF61614A2F75F1277 /* Frameworks */ = {
			isa = PBXGroup;
			children = (
				EA872E5D43E9715BAEB92ED3 /* libPods.a */,
			);
			name = Frameworks;
			sourceTree = "<group>";
		};
		9AC1A2011A0C3BA40098775C /* CheckoutScreen */ = {
			isa = PBXGroup;
			children = (
				9AC1A1F51A0C3B970098775C /* CheckoutStoryboard.storyboard */,
				9AC1A1F61A0C3B970098775C /* PaymentOptionsView.xib */,
				9AC1A1F71A0C3B970098775C /* CheckoutItemCellView.xib */,
				9AC1A1F81A0C3B970098775C /* CreditCardPayment.xib */,
				9A61E2B01A11A0E200264BB0 /* CrediCardPaymentView.h */,
				9A61E2B11A11A0E200264BB0 /* CrediCardPaymentView.m */,
				9AC1A1F91A0C3B970098775C /* CheckoutViewController.xib */,
				9A61E2AA1A119D8E00264BB0 /* CheckoutViewController.h */,
				9A61E2AB1A119D8E00264BB0 /* CheckoutViewController.m */,
				9A61E2AD1A119F4F00264BB0 /* CheckoutItemCellView.h */,
				9A61E2AE1A119F4F00264BB0 /* CheckoutItemCellView.m */,
				9AC1A1FA1A0C3B970098775C /* CCDatePickerView.xib */,
			);
			name = CheckoutScreen;
			path = ..;
			sourceTree = "<group>";
		};
		EF4572635ACE2D6A0BB475CD /* Pods */ = {
			isa = PBXGroup;
			children = (
				57EBD40A7791AB600AB539BE /* Pods.debug.xcconfig */,
				FB499B01FFB57A46007A700A /* Pods.release.xcconfig */,
			);
			name = Pods;
			sourceTree = "<group>";
		};
/* End PBXGroup section */

/* Begin PBXNativeTarget section */
		2049ED011A02790900C904E3 /* FoodTruck */ = {
			isa = PBXNativeTarget;
			buildConfigurationList = 2049ED281A02790900C904E3 /* Build configuration list for PBXNativeTarget "FoodTruck" */;
			buildPhases = (
				428FDB49EB8FE23359E25619 /* Check Pods Manifest.lock */,
				2049ECFE1A02790900C904E3 /* Sources */,
				2049ECFF1A02790900C904E3 /* Frameworks */,
				2049ED001A02790900C904E3 /* Resources */,
				A240F3EE553012DCBFD78204 /* Copy Pods Resources */,
			);
			buildRules = (
			);
			dependencies = (
			);
			name = FoodTruck;
			productName = FoodTruck;
			productReference = 2049ED021A02790900C904E3 /* FoodTruck.app */;
			productType = "com.apple.product-type.application";
		};
		2049ED1D1A02790900C904E3 /* FoodTruckTests */ = {
			isa = PBXNativeTarget;
			buildConfigurationList = 2049ED2B1A02790900C904E3 /* Build configuration list for PBXNativeTarget "FoodTruckTests" */;
			buildPhases = (
				2049ED1A1A02790900C904E3 /* Sources */,
				2049ED1B1A02790900C904E3 /* Frameworks */,
				2049ED1C1A02790900C904E3 /* Resources */,
			);
			buildRules = (
			);
			dependencies = (
				2049ED201A02790900C904E3 /* PBXTargetDependency */,
			);
			name = FoodTruckTests;
			productName = FoodTruckTests;
			productReference = 2049ED1E1A02790900C904E3 /* FoodTruckTests.xctest */;
			productType = "com.apple.product-type.bundle.unit-test";
		};
/* End PBXNativeTarget section */

/* Begin PBXProject section */
		2049ECFA1A02790900C904E3 /* Project object */ = {
			isa = PBXProject;
			attributes = {
				LastUpgradeCheck = 0610;
				ORGANIZATIONNAME = Fuzzy;
				TargetAttributes = {
					2049ED011A02790900C904E3 = {
						CreatedOnToolsVersion = 6.1;
					};
					2049ED1D1A02790900C904E3 = {
						CreatedOnToolsVersion = 6.1;
						TestTargetID = 2049ED011A02790900C904E3;
					};
				};
			};
			buildConfigurationList = 2049ECFD1A02790900C904E3 /* Build configuration list for PBXProject "FoodTruck" */;
			compatibilityVersion = "Xcode 3.2";
			developmentRegion = English;
			hasScannedForEncodings = 0;
			knownRegions = (
				en,
				Base,
			);
			mainGroup = 2049ECF91A02790900C904E3;
			productRefGroup = 2049ED031A02790900C904E3 /* Products */;
			projectDirPath = "";
			projectRoot = "";
			targets = (
				2049ED011A02790900C904E3 /* FoodTruck */,
				2049ED1D1A02790900C904E3 /* FoodTruckTests */,
			);
		};
/* End PBXProject section */

/* Begin PBXResourcesBuildPhase section */
		2049ED001A02790900C904E3 /* Resources */ = {
			isa = PBXResourcesBuildPhase;
			buildActionMask = 2147483647;
			files = (
				7B49CC301A0AE13900DBD9C3 /* ItemTableViewCell.xib in Resources */,
				200A79A51A09343D00F9A5FC /* RatingBarView.xib in Resources */,
				9AC1A1FE1A0C3B970098775C /* CreditCardPayment.xib in Resources */,
				9AC1A2001A0C3B970098775C /* CCDatePickerView.xib in Resources */,
				9AC1A1FB1A0C3B970098775C /* CheckoutStoryboard.storyboard in Resources */,
				200A79961A07FFAA00F9A5FC /* CustomCalloutView.xib in Resources */,
				200A79901A06997000F9A5FC /* FoodTruckData.plist in Resources */,
				2049ED191A02790900C904E3 /* LaunchScreen.xib in Resources */,
				9AC1A1FF1A0C3B970098775C /* CheckoutViewController.xib in Resources */,
				200A79A01A09323E00F9A5FC /* starFull.png in Resources */,
				200A799F1A09323E00F9A5FC /* starEmpty.png in Resources */,
				20F0EF101A166D100069E493 /* OrderItemTableViewCell.xib in Resources */,
				9AC1A1FD1A0C3B970098775C /* CheckoutItemCellView.xib in Resources */,
				2049ED161A02790900C904E3 /* Images.xcassets in Resources */,
				9AC1A1FC1A0C3B970098775C /* PaymentOptionsView.xib in Resources */,
				200A79921A069FB000F9A5FC /* MapViewController.xib in Resources */,
				20DE2F271ACD783C004C1A6B /* MerchantViewController.xib in Resources */,
				200A79871A066CA800F9A5FC /* truckPin.png in Resources */,
			);
			runOnlyForDeploymentPostprocessing = 0;
		};
		2049ED1C1A02790900C904E3 /* Resources */ = {
			isa = PBXResourcesBuildPhase;
			buildActionMask = 2147483647;
			files = (
			);
			runOnlyForDeploymentPostprocessing = 0;
		};
/* End PBXResourcesBuildPhase section */

/* Begin PBXShellScriptBuildPhase section */
		428FDB49EB8FE23359E25619 /* Check Pods Manifest.lock */ = {
			isa = PBXShellScriptBuildPhase;
			buildActionMask = 2147483647;
			files = (
			);
			inputPaths = (
			);
			name = "Check Pods Manifest.lock";
			outputPaths = (
			);
			runOnlyForDeploymentPostprocessing = 0;
			shellPath = /bin/sh;
			shellScript = "diff \"${PODS_ROOT}/../Podfile.lock\" \"${PODS_ROOT}/Manifest.lock\" > /dev/null\nif [[ $? != 0 ]] ; then\n    cat << EOM\nerror: The sandbox is not in sync with the Podfile.lock. Run 'pod install' or update your CocoaPods installation.\nEOM\n    exit 1\nfi\n";
			showEnvVarsInLog = 0;
		};
		A240F3EE553012DCBFD78204 /* Copy Pods Resources */ = {
			isa = PBXShellScriptBuildPhase;
			buildActionMask = 2147483647;
			files = (
			);
			inputPaths = (
			);
			name = "Copy Pods Resources";
			outputPaths = (
			);
			runOnlyForDeploymentPostprocessing = 0;
			shellPath = /bin/sh;
			shellScript = "\"${SRCROOT}/Pods/Target Support Files/Pods/Pods-resources.sh\"\n";
			showEnvVarsInLog = 0;
		};
/* End PBXShellScriptBuildPhase section */

/* Begin PBXSourcesBuildPhase section */
		2049ECFE1A02790900C904E3 /* Sources */ = {
			isa = PBXSourcesBuildPhase;
			buildActionMask = 2147483647;
			files = (
				20DE2F1F1ACC9F1B004C1A6B /* AppCache.m in Sources */,
				200A79991A08013100F9A5FC /* CustomCalloutView.m in Sources */,
				20F0EF131A166D620069E493 /* OrderItemTableViewCell.m in Sources */,
				200A799C1A0904A100F9A5FC /* CustomAnnotationView.m in Sources */,
				20DE2F221ACCA0A2004C1A6B /* TRUser.m in Sources */,
				9A61E2B21A11A0E200264BB0 /* CrediCardPaymentView.m in Sources */,
				20F0EF161A1670350069E493 /* OrderPersistanceManager.m in Sources */,
				200A79A31A0932EE00F9A5FC /* RatingBarView.m in Sources */,
				20DE2F261ACD783C004C1A6B /* MerchantViewController.m in Sources */,
				2049ED0B1A02790900C904E3 /* AppDelegate.m in Sources */,
				20F0EF0C1A166B910069E493 /* OrderHistoryTableViewController.m in Sources */,
				200A798E1A066FFA00F9A5FC /* FoodTruckMenuController.m in Sources */,
				9A61E2AF1A119F4F00264BB0 /* CheckoutItemCellView.m in Sources */,
				9A61E2AC1A119D8E00264BB0 /* CheckoutViewController.m in Sources */,
				20478FD71ACA3D2C00BC2D80 /* InputsFormViewController.m in Sources */,
				200A79841A0666C900F9A5FC /* FoodTruckAnnotation.m in Sources */,
				2049ED0E1A02790900C904E3 /* MapViewController.m in Sources */,
				20DE2F1C1ACC8F36004C1A6B /* NSMutableDictionary+KAKeyRenaming.m in Sources */,
				7B49CC2E1A0AD93D00DBD9C3 /* ItemTableViewCell.m in Sources */,
				20C202341ACB622E00CDF210 /* FoodTruckCreationViewController.m in Sources */,
				2049ED081A02790900C904E3 /* main.m in Sources */,
			);
			runOnlyForDeploymentPostprocessing = 0;
		};
		2049ED1A1A02790900C904E3 /* Sources */ = {
			isa = PBXSourcesBuildPhase;
			buildActionMask = 2147483647;
			files = (
				2049ED251A02790900C904E3 /* FoodTruckTests.m in Sources */,
			);
			runOnlyForDeploymentPostprocessing = 0;
		};
/* End PBXSourcesBuildPhase section */

/* Begin PBXTargetDependency section */
		2049ED201A02790900C904E3 /* PBXTargetDependency */ = {
			isa = PBXTargetDependency;
			target = 2049ED011A02790900C904E3 /* FoodTruck */;
			targetProxy = 2049ED1F1A02790900C904E3 /* PBXContainerItemProxy */;
		};
/* End PBXTargetDependency section */

/* Begin PBXVariantGroup section */
		2049ED171A02790900C904E3 /* LaunchScreen.xib */ = {
			isa = PBXVariantGroup;
			children = (
				2049ED181A02790900C904E3 /* Base */,
			);
			name = LaunchScreen.xib;
			sourceTree = "<group>";
		};
/* End PBXVariantGroup section */

/* Begin XCBuildConfiguration section */
		2049ED261A02790900C904E3 /* Debug */ = {
			isa = XCBuildConfiguration;
			buildSettings = {
				ALWAYS_SEARCH_USER_PATHS = NO;
				CLANG_CXX_LANGUAGE_STANDARD = "gnu++0x";
				CLANG_CXX_LIBRARY = "libc++";
				CLANG_ENABLE_MODULES = YES;
				CLANG_ENABLE_OBJC_ARC = YES;
				CLANG_WARN_BOOL_CONVERSION = YES;
				CLANG_WARN_CONSTANT_CONVERSION = YES;
				CLANG_WARN_DIRECT_OBJC_ISA_USAGE = YES_ERROR;
				CLANG_WARN_EMPTY_BODY = YES;
				CLANG_WARN_ENUM_CONVERSION = YES;
				CLANG_WARN_INT_CONVERSION = YES;
				CLANG_WARN_OBJC_ROOT_CLASS = YES_ERROR;
				CLANG_WARN_UNREACHABLE_CODE = YES;
				CLANG_WARN__DUPLICATE_METHOD_MATCH = YES;
				"CODE_SIGN_IDENTITY[sdk=iphoneos*]" = "iPhone Developer";
				COPY_PHASE_STRIP = NO;
				ENABLE_STRICT_OBJC_MSGSEND = YES;
				GCC_C_LANGUAGE_STANDARD = gnu99;
				GCC_DYNAMIC_NO_PIC = NO;
				GCC_OPTIMIZATION_LEVEL = 0;
				GCC_PREPROCESSOR_DEFINITIONS = (
					"DEBUG=1",
					"$(inherited)",
				);
				GCC_SYMBOLS_PRIVATE_EXTERN = NO;
				GCC_WARN_64_TO_32_BIT_CONVERSION = YES;
				GCC_WARN_ABOUT_RETURN_TYPE = YES_ERROR;
				GCC_WARN_UNDECLARED_SELECTOR = YES;
				GCC_WARN_UNINITIALIZED_AUTOS = YES_AGGRESSIVE;
				GCC_WARN_UNUSED_FUNCTION = YES;
				GCC_WARN_UNUSED_VARIABLE = YES;
				IPHONEOS_DEPLOYMENT_TARGET = 8.1;
				MTL_ENABLE_DEBUG_INFO = YES;
				ONLY_ACTIVE_ARCH = YES;
				PROVISIONING_PROFILE = "757ad102-3c4b-40e3-ba7d-22257698e21e";
				SDKROOT = iphoneos;
			};
			name = Debug;
		};
		2049ED271A02790900C904E3 /* Release */ = {
			isa = XCBuildConfiguration;
			buildSettings = {
				ALWAYS_SEARCH_USER_PATHS = NO;
				CLANG_CXX_LANGUAGE_STANDARD = "gnu++0x";
				CLANG_CXX_LIBRARY = "libc++";
				CLANG_ENABLE_MODULES = YES;
				CLANG_ENABLE_OBJC_ARC = YES;
				CLANG_WARN_BOOL_CONVERSION = YES;
				CLANG_WARN_CONSTANT_CONVERSION = YES;
				CLANG_WARN_DIRECT_OBJC_ISA_USAGE = YES_ERROR;
				CLANG_WARN_EMPTY_BODY = YES;
				CLANG_WARN_ENUM_CONVERSION = YES;
				CLANG_WARN_INT_CONVERSION = YES;
				CLANG_WARN_OBJC_ROOT_CLASS = YES_ERROR;
				CLANG_WARN_UNREACHABLE_CODE = YES;
				CLANG_WARN__DUPLICATE_METHOD_MATCH = YES;
				"CODE_SIGN_IDENTITY[sdk=iphoneos*]" = "iPhone Developer";
				COPY_PHASE_STRIP = YES;
				ENABLE_NS_ASSERTIONS = NO;
				ENABLE_STRICT_OBJC_MSGSEND = YES;
				GCC_C_LANGUAGE_STANDARD = gnu99;
				GCC_WARN_64_TO_32_BIT_CONVERSION = YES;
				GCC_WARN_ABOUT_RETURN_TYPE = YES_ERROR;
				GCC_WARN_UNDECLARED_SELECTOR = YES;
				GCC_WARN_UNINITIALIZED_AUTOS = YES_AGGRESSIVE;
				GCC_WARN_UNUSED_FUNCTION = YES;
				GCC_WARN_UNUSED_VARIABLE = YES;
				IPHONEOS_DEPLOYMENT_TARGET = 8.1;
				MTL_ENABLE_DEBUG_INFO = NO;
				PROVISIONING_PROFILE = "757ad102-3c4b-40e3-ba7d-22257698e21e";
				SDKROOT = iphoneos;
				VALIDATE_PRODUCT = YES;
			};
			name = Release;
		};
		2049ED291A02790900C904E3 /* Debug */ = {
			isa = XCBuildConfiguration;
			baseConfigurationReference = 57EBD40A7791AB600AB539BE /* Pods.debug.xcconfig */;
			buildSettings = {
				ASSETCATALOG_COMPILER_APPICON_NAME = AppIcon;
				INFOPLIST_FILE = FoodTruck/Info.plist;
				IPHONEOS_DEPLOYMENT_TARGET = 8.0;
				LD_RUNPATH_SEARCH_PATHS = "$(inherited) @executable_path/Frameworks";
				PRODUCT_NAME = "$(TARGET_NAME)";
				PROVISIONING_PROFILE = "757ad102-3c4b-40e3-ba7d-22257698e21e";
			};
			name = Debug;
		};
		2049ED2A1A02790900C904E3 /* Release */ = {
			isa = XCBuildConfiguration;
			baseConfigurationReference = FB499B01FFB57A46007A700A /* Pods.release.xcconfig */;
			buildSettings = {
				ASSETCATALOG_COMPILER_APPICON_NAME = AppIcon;
				INFOPLIST_FILE = FoodTruck/Info.plist;
				IPHONEOS_DEPLOYMENT_TARGET = 8.0;
				LD_RUNPATH_SEARCH_PATHS = "$(inherited) @executable_path/Frameworks";
				PRODUCT_NAME = "$(TARGET_NAME)";
				PROVISIONING_PROFILE = "757ad102-3c4b-40e3-ba7d-22257698e21e";
			};
			name = Release;
		};
		2049ED2C1A02790900C904E3 /* Debug */ = {
			isa = XCBuildConfiguration;
			buildSettings = {
				BUNDLE_LOADER = "$(TEST_HOST)";
				FRAMEWORK_SEARCH_PATHS = (
					"$(SDKROOT)/Developer/Library/Frameworks",
					"$(inherited)",
				);
				GCC_PREPROCESSOR_DEFINITIONS = (
					"DEBUG=1",
					"$(inherited)",
				);
				INFOPLIST_FILE = FoodTruckTests/Info.plist;
				LD_RUNPATH_SEARCH_PATHS = "$(inherited) @executable_path/Frameworks @loader_path/Frameworks";
				PRODUCT_NAME = "$(TARGET_NAME)";
				PROVISIONING_PROFILE = "";
				TEST_HOST = "$(BUILT_PRODUCTS_DIR)/FoodTruck.app/FoodTruck";
			};
			name = Debug;
		};
		2049ED2D1A02790900C904E3 /* Release */ = {
			isa = XCBuildConfiguration;
			buildSettings = {
				BUNDLE_LOADER = "$(TEST_HOST)";
				FRAMEWORK_SEARCH_PATHS = (
					"$(SDKROOT)/Developer/Library/Frameworks",
					"$(inherited)",
				);
				INFOPLIST_FILE = FoodTruckTests/Info.plist;
				LD_RUNPATH_SEARCH_PATHS = "$(inherited) @executable_path/Frameworks @loader_path/Frameworks";
				PRODUCT_NAME = "$(TARGET_NAME)";
				PROVISIONING_PROFILE = "";
				TEST_HOST = "$(BUILT_PRODUCTS_DIR)/FoodTruck.app/FoodTruck";
			};
			name = Release;
		};
/* End XCBuildConfiguration section */

/* Begin XCConfigurationList section */
		2049ECFD1A02790900C904E3 /* Build configuration list for PBXProject "FoodTruck" */ = {
			isa = XCConfigurationList;
			buildConfigurations = (
				2049ED261A02790900C904E3 /* Debug */,
				2049ED271A02790900C904E3 /* Release */,
			);
			defaultConfigurationIsVisible = 0;
			defaultConfigurationName = Release;
		};
		2049ED281A02790900C904E3 /* Build configuration list for PBXNativeTarget "FoodTruck" */ = {
			isa = XCConfigurationList;
			buildConfigurations = (
				2049ED291A02790900C904E3 /* Debug */,
				2049ED2A1A02790900C904E3 /* Release */,
			);
			defaultConfigurationIsVisible = 0;
			defaultConfigurationName = Release;
		};
		2049ED2B1A02790900C904E3 /* Build configuration list for PBXNativeTarget "FoodTruckTests" */ = {
			isa = XCConfigurationList;
			buildConfigurations = (
				2049ED2C1A02790900C904E3 /* Debug */,
				2049ED2D1A02790900C904E3 /* Release */,
			);
			defaultConfigurationIsVisible = 0;
			defaultConfigurationName = Release;
		};
/* End XCConfigurationList section */
	};
	rootObject = 2049ECFA1A02790900C904E3 /* Project object */;
}
